# This file is automatically @generated by Poetry 2.3.0 and should not be changed by hand.

[[package]]
name = "chess"
version = "1.11.2"
description = "A chess library with move generation and validation, Polyglot opening book probing, PGN reading and writing, Gaviota tablebase probing, Syzygy tablebase probing, and XBoard/UCI engine communication."
optional = false
python-versions = ">=3.8"
groups = ["main"]
files = [
    {file = "chess-1.11.2.tar.gz", hash = "sha256:a8b43e5678fdb3000695bdaa573117ad683761e5ca38e591c4826eba6d25bb39"},
]

[[package]]
name = "python-chess"
version = "1.999"
description = "A chess library with move generation, move validation, and support for common formats."
optional = false
python-versions = "*"
groups = ["main"]
files = [
    {file = "python-chess-1.999.tar.gz", hash = "sha256:8cad0388c42242d890ac6368ad64def15cd0165db033df0ad479492e266e5e6c"},
    {file = "python_chess-1.999-py3-none-any.whl", hash = "sha256:93b562f8f1124cb7bf56fb095e18743758e69dc6a028ccda0badcaa5c59d88c8"},
]

[package.dependencies]
chess = ">=1,<2"

[metadata]
lock-version = "2.1"
python-versions = ">=3.10"
content-hash = "363252035f1bee2006b892c4e2edc6051f358057d52a5f1da24edb8164f26e0d"
